
Microsoft Visual Studio Solution File, Format Version 12.00
# Visual Studio Version 17
VisualStudioVersion = 17.5.002.0
MinimumVisualStudioVersion = 10.0.40219.1
Project("{9A19103F-16F7-4668-BE54-9A1E7A4F7556}") = "WikiGpt", "WikiGpt.csproj", "{A06D0F5F-86A4-4AE0-9A5D-5A8C10C265F8}"
EndProject
Global
	GlobalSection(SolutionConfigurationPlatforms) = preSolution
		Debug|Any CPU = Debug|Any CPU
		Release|Any CPU = Release|Any CPU
	EndGlobalSection
	GlobalSection(ProjectConfigurationPlatforms) = postSolution
		{A06D0F5F-86A4-4AE0-9A5D-5A8C10C265F8}.Debug|Any CPU.ActiveCfg = Debug|Any CPU
		{A06D0F5F-86A4-4AE0-9A5D-5A8C10C265F8}.Debug|Any CPU.Build.0 = Debug|Any CPU
		{A06D0F5F-86A4-4AE0-9A5D-5A8C10C265F8}.Release|Any CPU.ActiveCfg = Release|Any CPU
		{A06D0F5F-86A4-4AE0-9A5D-5A8C10C265F8}.Release|Any CPU.Build.0 = Release|Any CPU
	EndGlobalSection
	GlobalSection(SolutionProperties) = preSolution
		HideSolutionNode = FALSE
	EndGlobalSection
	GlobalSection(ExtensibilityGlobals) = postSolution
		SolutionGuid = {E829B855-BD17-4B9C-8E02-E1D291F2520F}
	EndGlobalSection
EndGlobal
